github.com/epiclabs-io/convert v0.0.0-20200225195501-b49147ddae2f h1:o/dJYDO8UPUy095NfFob+V5czl5RD7M6njx72/Irsew=
github.com/epiclabs-io/diff3 v0.0.0-20181217103619-05282cece609 h1:KHcpmcC/8cnCDXDm6SaCTajWF/vyUbBE1ovA27xYYEY=
github.com/epiclabs-io/diff3 v0.0.0-20181217103619-05282cece609/go.mod h1:tM499ZoH5jQRF3wlMnl59SJQwVYXIBdJRZa/K71p0IM=
github.com/epiclabs-io/ut v0.0.0-20190416122157-8da7fe4b4947 h1:5jyZq+mwwE90FnIyzAorlWF0Nrg8AB48KsDxofSAyBw=
github.com/epiclabs-io/ut v0.0.0-20190416122157-8da7fe4b4947/go.mod h1:Sm6PW7b/nLOHEn3XxuUOXFYA4xFkLUnyAWUOcTGcRZ4=
